<?xml version="1.0" encoding="utf-8"?>
<Project ToolsVersion="4.0" xmlns="http://schemas.microsoft.com/developer/msbuild/2003">
  <ItemGroup>
    <Filter Include="Source Files">
      <UniqueIdentifier>{4FC737F1-C7A5-4376-A066-2A32D752A2FF}</UniqueIdentifier>
      <Extensions>cpp;c;cc;cxx;c++;cppm;ixx;def;odl;idl;hpj;bat;asm;asmx</Extensions>
    </Filter>
    <Filter Include="Header Files">
      <UniqueIdentifier>{93995380-89BD-4b04-88EB-625FBE52EBFB}</UniqueIdentifier>
      <Extensions>h;hh;hpp;hxx;h++;hm;inl;inc;ipp;xsd</Extensions>
    </Filter>
    <Filter Include="Resource Files">
      <UniqueIdentifier>{67DA6AB6-F800-4c08-8B7A-83BB121AAD01}</UniqueIdentifier>
      <Extensions>rc;ico;cur;bmp;dlg;rc2;rct;bin;rgs;gif;jpg;jpeg;jpe;resx;tiff;tif;png;wav;mfcribbon-ms</Extensions>
    </Filter>
    <Filter Include="Header Files\SGameEngine">
      <UniqueIdentifier>{64011723-0a6b-49aa-b2d2-47f8821fda05}</UniqueIdentifier>
    </Filter>
    <Filter Include="Header Files\SGameEngine\Default Components">
      <UniqueIdentifier>{7bdac87b-fe87-47d9-a64b-23be7b638dfb}</UniqueIdentifier>
    </Filter>
    <Filter Include="Header Files\Custom Components">
      <UniqueIdentifier>{4aa8e62e-7400-4bcb-914c-f686a14ca4a1}</UniqueIdentifier>
    </Filter>
    <Filter Include="Source Files\SGameEngine">
      <UniqueIdentifier>{4612ea6c-b1dc-4cdd-a0e0-f90288abd789}</UniqueIdentifier>
    </Filter>
    <Filter Include="Source Files\SGameEngine\Default Components">
      <UniqueIdentifier>{2e290f55-37dd-4b55-bda7-1c2b5c559160}</UniqueIdentifier>
    </Filter>
    <Filter Include="Source Files\Custom Components">
      <UniqueIdentifier>{27ceeb79-faa7-4040-b772-eb3fe5254c89}</UniqueIdentifier>
    </Filter>
    <Filter Include="Resource Files\Images">
      <UniqueIdentifier>{56d2ef1d-8e91-4d7f-adcb-14e83334fdba}</UniqueIdentifier>
    </Filter>
    <Filter Include="Resource Files\Sounds">
      <UniqueIdentifier>{4407b36a-36e1-44e5-be11-c71420020896}</UniqueIdentifier>
    </Filter>
  </ItemGroup>
  <ItemGroup>
    <ClInclude Include="SColor.h">
      <Filter>Header Files\SGameEngine\Default Components</Filter>
    </ClInclude>
    <ClInclude Include="SComponent.h">
      <Filter>Header Files\SGameEngine\Default Components</Filter>
    </ClInclude>
    <ClInclude Include="SImage.h">
      <Filter>Header Files\SGameEngine\Default Components</Filter>
    </ClInclude>
    <ClInclude Include="SLayer.h">
      <Filter>Header Files\SGameEngine\Default Components</Filter>
    </ClInclude>
    <ClInclude Include="SLevel.h">
      <Filter>Header Files\SGameEngine\Default Components</Filter>
    </ClInclude>
    <ClInclude Include="SPoint.h">
      <Filter>Header Files\SGameEngine\Default Components</Filter>
    </ClInclude>
    <ClInclude Include="SSprite.h">
      <Filter>Header Files\SGameEngine\Default Components</Filter>
    </ClInclude>
    <ClInclude Include="SComponentEvent.h">
      <Filter>Header Files\SGameEngine</Filter>
    </ClInclude>
    <ClInclude Include="SEvent.h">
      <Filter>Header Files\SGameEngine</Filter>
    </ClInclude>
    <ClInclude Include="SGame.h">
      <Filter>Header Files\SGameEngine</Filter>
    </ClInclude>
    <ClInclude Include="SGameEngine.h">
      <Filter>Header Files\SGameEngine</Filter>
    </ClInclude>
    <ClInclude Include="SImageLoader.h">
      <Filter>Header Files\SGameEngine</Filter>
    </ClInclude>
    <ClInclude Include="SSearchOptions.h">
      <Filter>Header Files\SGameEngine</Filter>
    </ClInclude>
    <ClInclude Include="GameStart.h">
      <Filter>Header Files</Filter>
    </ClInclude>
    <ClInclude Include="SExampleComponent.h">
      <Filter>Header Files\Custom Components</Filter>
    </ClInclude>
  </ItemGroup>
  <ItemGroup>
    <ClCompile Include="SColor.cpp">
      <Filter>Source Files\SGameEngine\Default Components</Filter>
    </ClCompile>
    <ClCompile Include="SComponent.cpp">
      <Filter>Source Files\SGameEngine\Default Components</Filter>
    </ClCompile>
    <ClCompile Include="SImage.cpp">
      <Filter>Source Files\SGameEngine\Default Components</Filter>
    </ClCompile>
    <ClCompile Include="SLayer.cpp">
      <Filter>Source Files\SGameEngine\Default Components</Filter>
    </ClCompile>
    <ClCompile Include="SLevel.cpp">
      <Filter>Source Files\SGameEngine\Default Components</Filter>
    </ClCompile>
    <ClCompile Include="SPoint.cpp">
      <Filter>Source Files\SGameEngine\Default Components</Filter>
    </ClCompile>
    <ClCompile Include="SSprite.cpp">
      <Filter>Source Files\SGameEngine\Default Components</Filter>
    </ClCompile>
    <ClCompile Include="GameStart.cpp">
      <Filter>Source Files</Filter>
    </ClCompile>
    <ClCompile Include="Main.cpp">
      <Filter>Source Files\SGameEngine</Filter>
    </ClCompile>
    <ClCompile Include="SEvent.cpp">
      <Filter>Source Files\SGameEngine</Filter>
    </ClCompile>
    <ClCompile Include="SGame.cpp">
      <Filter>Source Files\SGameEngine</Filter>
    </ClCompile>
    <ClCompile Include="SGameEngine.cpp">
      <Filter>Source Files\SGameEngine</Filter>
    </ClCompile>
    <ClCompile Include="SImageLoader.cpp">
      <Filter>Source Files\SGameEngine</Filter>
    </ClCompile>
    <ClCompile Include="SSearchOptions.cpp">
      <Filter>Source Files\SGameEngine</Filter>
    </ClCompile>
    <ClCompile Include="SExampleComponent.cpp">
      <Filter>Source Files\Custom Components</Filter>
    </ClCompile>
  </ItemGroup>
  <ItemGroup>
    <Image Include="bitmap.bmp">
      <Filter>Resource Files\Images</Filter>
    </Image>
  </ItemGroup>
</Project>